# THIS IS AN AUTOGENERATED FILE. DO NOT EDIT THIS FILE DIRECTLY.
# yarn lockfile v1


"@babel/runtime@^7.7.6":
  version "7.14.8"
  resolved "https://registry.yarnpkg.com/@babel/runtime/-/runtime-7.14.8.tgz#7119a56f421018852694290b9f9148097391b446"
  integrity sha512-twj3L8Og5SaCRCErB4x4ajbvBIVV77CGeFglHpeg5WC5FF8TZzBWXtTJ4MqaD9QszLYTtr+IsaAL2rEUevb+eg==
  dependencies:
    regenerator-runtime "^0.13.4"

bs-platform@^9.0.2:
  version "9.0.2"
  resolved "https://registry.yarnpkg.com/bs-platform/-/bs-platform-9.0.2.tgz#a6eac70eb8924a322556dacaccbfbc9b2a0d3a37"
  integrity sha512-Ye9JqJ4Oa7mcjjoOVRYI8Uc2Cf8N7jQLWDcdUplY7996d/YErSR7WitmV7XnSwr4EvdrbwjEsg1NxNjUQv3ChA==

history@^5.0.0:
  version "5.0.0"
  resolved "https://registry.yarnpkg.com/history/-/history-5.0.0.tgz#0cabbb6c4bbf835addb874f8259f6d25101efd08"
  integrity sha512-3NyRMKIiFSJmIPdq7FxkNMJkQ7ZEtVblOQ38VtKaA0zZMW1Eo6Q6W8oDKEflr1kNNTItSnk4JMCO1deeSgbLLg==
  dependencies:
    "@babel/runtime" "^7.7.6"

reason-react@^0.9.1:
  version "0.9.1"
  resolved "https://registry.yarnpkg.com/reason-react/-/reason-react-0.9.1.tgz#30a887158200b659aa03e2d75ff4cc54dc462bb0"
  integrity sha512-nlH0O2TDy9KzOLOW+vlEQk4ExHOeciyzFdoLcsmmiit6hx6H5+CVDrwJ+8aiaLT/kqK5xFOjy4PS7PftWz4plA==

regenerator-runtime@^0.13.4:
  version "0.13.9"
  resolved "https://registry.yarnpkg.com/regenerator-runtime/-/regenerator-runtime-0.13.9.tgz#8925742a98ffd90814988d7566ad30ca3b263b52"
  integrity sha512-p3VT+cOEgxFsRRA9X4lkI1E+k2/CtnKtU4gcxyaCUreilL/vqI6CdZ3wxVUx3UOUg+gnUOQQcRI7BmSI656MYA==
